// !$*UTF8*$!
{
	archiveVersion = 1;
	classes = {
	};
	objectVersion = 50;
	objects = {

/* Begin PBXBuildFile section */
		764D872326DD2074008F448E /* SearchBarView.swift in Sources */ = {isa = PBXBuildFile; fileRef = 764D872226DD2074008F448E /* SearchBarView.swift */; };
		764E40C026E7B8D400256466 /* Book.swift in Sources */ = {isa = PBXBuildFile; fileRef = 764E40BF26E7B8D400256466 /* Book.swift */; };
		764E40C326E7B90A00256466 /* NumberFormatter+.swift in Sources */ = {isa = PBXBuildFile; fileRef = 764E40C226E7B90A00256466 /* NumberFormatter+.swift */; };
		764E40C526E7B92300256466 /* Date+.swift in Sources */ = {isa = PBXBuildFile; fileRef = 764E40C426E7B92300256466 /* Date+.swift */; };
		764E40C726E7B93600256466 /* DateFormatter+.swift in Sources */ = {isa = PBXBuildFile; fileRef = 764E40C626E7B93600256466 /* DateFormatter+.swift */; };
		764E40CA26E7B99700256466 /* Helper.swift in Sources */ = {isa = PBXBuildFile; fileRef = 764E40C926E7B99700256466 /* Helper.swift */; };
		764E40CC26E7B9BD00256466 /* books.json in Resources */ = {isa = PBXBuildFile; fileRef = 764E40CB26E7B9BD00256466 /* books.json */; };
		76A5135426D3EE9B0086CE18 /* AppDelegate.swift in Sources */ = {isa = PBXBuildFile; fileRef = 76A5135326D3EE9B0086CE18 /* AppDelegate.swift */; };
		76A5135626D3EE9B0086CE18 /* SceneDelegate.swift in Sources */ = {isa = PBXBuildFile; fileRef = 76A5135526D3EE9B0086CE18 /* SceneDelegate.swift */; };
		76A5135826D3EE9B0086CE18 /* BookSearchViewController.swift in Sources */ = {isa = PBXBuildFile; fileRef = 76A5135726D3EE9B0086CE18 /* BookSearchViewController.swift */; };
		76A5135D26D3EE9C0086CE18 /* Assets.xcassets in Resources */ = {isa = PBXBuildFile; fileRef = 76A5135C26D3EE9C0086CE18 /* Assets.xcassets */; };
		76A5136026D3EE9C0086CE18 /* LaunchScreen.storyboard in Resources */ = {isa = PBXBuildFile; fileRef = 76A5135E26D3EE9C0086CE18 /* LaunchScreen.storyboard */; };
/* End PBXBuildFile section */

/* Begin PBXFileReference section */
		764D872226DD2074008F448E /* SearchBarView.swift */ = {isa = PBXFileReference; lastKnownFileType = sourcecode.swift; path = SearchBarView.swift; sourceTree = "<group>"; };
		764E40BF26E7B8D400256466 /* Book.swift */ = {isa = PBXFileReference; lastKnownFileType = sourcecode.swift; path = Book.swift; sourceTree = "<group>"; };
		764E40C226E7B90A00256466 /* NumberFormatter+.swift */ = {isa = PBXFileReference; lastKnownFileType = sourcecode.swift; path = "NumberFormatter+.swift"; sourceTree = "<group>"; };
		764E40C426E7B92300256466 /* Date+.swift */ = {isa = PBXFileReference; lastKnownFileType = sourcecode.swift; path = "Date+.swift"; sourceTree = "<group>"; };
		764E40C626E7B93600256466 /* DateFormatter+.swift */ = {isa = PBXFileReference; lastKnownFileType = sourcecode.swift; path = "DateFormatter+.swift"; sourceTree = "<group>"; };
		764E40C926E7B99700256466 /* Helper.swift */ = {isa = PBXFileReference; lastKnownFileType = sourcecode.swift; path = Helper.swift; sourceTree = "<group>"; };
		764E40CB26E7B9BD00256466 /* books.json */ = {isa = PBXFileReference; fileEncoding = 4; lastKnownFileType = text.json; path = books.json; sourceTree = "<group>"; };
		76A5135026D3EE9B0086CE18 /* bookstand.app */ = {isa = PBXFileReference; explicitFileType = wrapper.application; includeInIndex = 0; path = bookstand.app; sourceTree = BUILT_PRODUCTS_DIR; };
		76A5135326D3EE9B0086CE18 /* AppDelegate.swift */ = {isa = PBXFileReference; lastKnownFileType = sourcecode.swift; path = AppDelegate.swift; sourceTree = "<group>"; };
		76A5135526D3EE9B0086CE18 /* SceneDelegate.swift */ = {isa = PBXFileReference; lastKnownFileType = sourcecode.swift; path = SceneDelegate.swift; sourceTree = "<group>"; };
		76A5135726D3EE9B0086CE18 /* BookSearchViewController.swift */ = {isa = PBXFileReference; lastKnownFileType = sourcecode.swift; path = BookSearchViewController.swift; sourceTree = "<group>"; };
		76A5135C26D3EE9C0086CE18 /* Assets.xcassets */ = {isa = PBXFileReference; lastKnownFileType = folder.assetcatalog; path = Assets.xcassets; sourceTree = "<group>"; };
		76A5135F26D3EE9C0086CE18 /* Base */ = {isa = PBXFileReference; lastKnownFileType = file.storyboard; name = Base; path = Base.lproj/LaunchScreen.storyboard; sourceTree = "<group>"; };
		76A5136126D3EE9C0086CE18 /* Info.plist */ = {isa = PBXFileReference; lastKnownFileType = text.plist.xml; path = Info.plist; sourceTree = "<group>"; };
/* End PBXFileReference section */

/* Begin PBXFrameworksBuildPhase section */
		76A5134D26D3EE9B0086CE18 /* Frameworks */ = {
			isa = PBXFrameworksBuildPhase;
			buildActionMask = 2147483647;
			files = (
			);
			runOnlyForDeploymentPostprocessing = 0;
		};
/* End PBXFrameworksBuildPhase section */

/* Begin PBXGroup section */
		764D871F26DD2044008F448E /* Scene */ = {
			isa = PBXGroup;
			children = (
				764D872026DD2054008F448E /* BookSearchView */,
			);
			path = Scene;
			sourceTree = "<group>";
		};
		764D872026DD2054008F448E /* BookSearchView */ = {
			isa = PBXGroup;
			children = (
				76A5135726D3EE9B0086CE18 /* BookSearchViewController.swift */,
				764D872126DD2060008F448E /* Views */,
			);
			path = BookSearchView;
			sourceTree = "<group>";
		};
		764D872126DD2060008F448E /* Views */ = {
			isa = PBXGroup;
			children = (
				764D872226DD2074008F448E /* SearchBarView.swift */,
			);
			path = Views;
			sourceTree = "<group>";
		};
		764E40BE26E7B8C500256466 /* Models */ = {
			isa = PBXGroup;
			children = (
				764E40BF26E7B8D400256466 /* Book.swift */,
			);
			path = Models;
			sourceTree = "<group>";
		};
		764E40C126E7B8F400256466 /* Extensions */ = {
			isa = PBXGroup;
			children = (
				764E40C226E7B90A00256466 /* NumberFormatter+.swift */,
				764E40C426E7B92300256466 /* Date+.swift */,
				764E40C626E7B93600256466 /* DateFormatter+.swift */,
			);
			path = Extensions;
			sourceTree = "<group>";
		};
		764E40C826E7B98400256466 /* Utils */ = {
			isa = PBXGroup;
			children = (
				764E40C926E7B99700256466 /* Helper.swift */,
			);
			path = Utils;
			sourceTree = "<group>";
		};
		76A5134726D3EE9B0086CE18 = {
			isa = PBXGroup;
			children = (
				76A5135226D3EE9B0086CE18 /* bookstand */,
				76A5135126D3EE9B0086CE18 /* Products */,
			);
			sourceTree = "<group>";
		};
		76A5135126D3EE9B0086CE18 /* Products */ = {
			isa = PBXGroup;
			children = (
				76A5135026D3EE9B0086CE18 /* bookstand.app */,
			);
			name = Products;
			sourceTree = "<group>";
		};
		76A5135226D3EE9B0086CE18 /* bookstand */ = {
			isa = PBXGroup;
			children = (
				76A5136826D3EF3A0086CE18 /* Resources */,
				76A5136726D3EF2F0086CE18 /* SupportingFiles */,
				76A5136926D3EF470086CE18 /* Entry */,
				764D871F26DD2044008F448E /* Scene */,
				764E40BE26E7B8C500256466 /* Models */,
				764E40C126E7B8F400256466 /* Extensions */,
				764E40C826E7B98400256466 /* Utils */,
			);
			path = bookstand;
			sourceTree = "<group>";
		};
		76A5136726D3EF2F0086CE18 /* SupportingFiles */ = {
			isa = PBXGroup;
			children = (
				76A5136126D3EE9C0086CE18 /* Info.plist */,
				76A5135E26D3EE9C0086CE18 /* LaunchScreen.storyboard */,
			);
			path = SupportingFiles;
			sourceTree = "<group>";
		};
		76A5136826D3EF3A0086CE18 /* Resources */ = {
			isa = PBXGroup;
			children = (
				764E40CB26E7B9BD00256466 /* books.json */,
				76A5135C26D3EE9C0086CE18 /* Assets.xcassets */,
			);
			path = Resources;
			sourceTree = "<group>";
		};
		76A5136926D3EF470086CE18 /* Entry */ = {
			isa = PBXGroup;
			children = (
				76A5135326D3EE9B0086CE18 /* AppDelegate.swift */,
				76A5135526D3EE9B0086CE18 /* SceneDelegate.swift */,
			);
			path = Entry;
			sourceTree = "<group>";
		};
/* End PBXGroup section */

/* Begin PBXNativeTarget section */
		76A5134F26D3EE9B0086CE18 /* bookstand */ = {
			isa = PBXNativeTarget;
			buildConfigurationList = 76A5136426D3EE9C0086CE18 /* Build configuration list for PBXNativeTarget "bookstand" */;
			buildPhases = (
				76A5134C26D3EE9B0086CE18 /* Sources */,
				76A5134D26D3EE9B0086CE18 /* Frameworks */,
				76A5134E26D3EE9B0086CE18 /* Resources */,
			);
			buildRules = (
			);
			dependencies = (
			);
			name = bookstand;
			productName = bookstand;
			productReference = 76A5135026D3EE9B0086CE18 /* bookstand.app */;
			productType = "com.apple.product-type.application";
		};
/* End PBXNativeTarget section */

/* Begin PBXProject section */
		76A5134826D3EE9B0086CE18 /* Project object */ = {
			isa = PBXProject;
			attributes = {
				LastSwiftUpdateCheck = 1250;
				LastUpgradeCheck = 1250;
				TargetAttributes = {
					76A5134F26D3EE9B0086CE18 = {
						CreatedOnToolsVersion = 12.5.1;
					};
				};
			};
			buildConfigurationList = 76A5134B26D3EE9B0086CE18 /* Build configuration list for PBXProject "bookstand" */;
			compatibilityVersion = "Xcode 9.3";
			developmentRegion = en;
			hasScannedForEncodings = 0;
			knownRegions = (
				en,
				Base,
			);
			mainGroup = 76A5134726D3EE9B0086CE18;
			productRefGroup = 76A5135126D3EE9B0086CE18 /* Products */;
			projectDirPath = "";
			projectRoot = "";
			targets = (
				76A5134F26D3EE9B0086CE18 /* bookstand */,
			);
		};
/* End PBXProject section */

/* Begin PBXResourcesBuildPhase section */
		76A5134E26D3EE9B0086CE18 /* Resources */ = {
			isa = PBXResourcesBuildPhase;
			buildActionMask = 2147483647;
			files = (
				764E40CC26E7B9BD00256466 /* books.json in Resources */,
				76A5136026D3EE9C0086CE18 /* LaunchScreen.storyboard in Resources */,
				76A5135D26D3EE9C0086CE18 /* Assets.xcassets in Resources */,
			);
			runOnlyForDeploymentPostprocessing = 0;
		};
/* End PBXResourcesBuildPhase section */

/* Begin PBXSourcesBuildPhase section */
		76A5134C26D3EE9B0086CE18 /* Sources */ = {
			isa = PBXSourcesBuildPhase;
			buildActionMask = 2147483647;
			files = (
				764E40C526E7B92300256466 /* Date+.swift in Sources */,
				764D872326DD2074008F448E /* SearchBarView.swift in Sources */,
				76A5135826D3EE9B0086CE18 /* BookSearchViewController.swift in Sources */,
				76A5135426D3EE9B0086CE18 /* AppDelegate.swift in Sources */,
				764E40C726E7B93600256466 /* DateFormatter+.swift in Sources */,
				764E40CA26E7B99700256466 /* Helper.swift in Sources */,
				764E40C326E7B90A00256466 /* NumberFormatter+.swift in Sources */,
				764E40C026E7B8D400256466 /* Book.swift in Sources */,
				76A5135626D3EE9B0086CE18 /* SceneDelegate.swift in Sources */,
			);
			runOnlyForDeploymentPostprocessing = 0;
		};
/* End PBXSourcesBuildPhase section */

/* Begin PBXVariantGroup section */
		76A5135E26D3EE9C0086CE18 /* LaunchScreen.storyboard */ = {
			isa = PBXVariantGroup;
			children = (
				76A5135F26D3EE9C0086CE18 /* Base */,
			);
			name = LaunchScreen.storyboard;
			sourceTree = "<group>";
		};
/* End PBXVariantGroup section */

/* Begin XCBuildConfiguration section */
		76A5136226D3EE9C0086CE18 /* Debug */ = {
			isa = XCBuildConfiguration;
			buildSettings = {
				ALWAYS_SEARCH_USER_PATHS = NO;
				CLANG_ANALYZER_NONNULL = YES;
				CLANG_ANALYZER_NUMBER_OBJECT_CONVERSION = YES_AGGRESSIVE;
				CLANG_CXX_LANGUAGE_STANDARD = "gnu++14";
				CLANG_CXX_LIBRARY = "libc++";
				CLANG_ENABLE_MODULES = YES;
				CLANG_ENABLE_OBJC_ARC = YES;
				CLANG_ENABLE_OBJC_WEAK = YES;
				CLANG_WARN_BLOCK_CAPTURE_AUTORELEASING = YES;
				CLANG_WARN_BOOL_CONVERSION = YES;
				CLANG_WARN_COMMA = YES;
				CLANG_WARN_CONSTANT_CONVERSION = YES;
				CLANG_WARN_DEPRECATED_OBJC_IMPLEMENTATIONS = YES;
				CLANG_WARN_DIRECT_OBJC_ISA_USAGE = YES_ERROR;
				CLANG_WARN_DOCUMENTATION_COMMENTS = YES;
				CLANG_WARN_EMPTY_BODY = YES;
				CLANG_WARN_ENUM_CONVERSION = YES;
				CLANG_WARN_INFINITE_RECURSION = YES;
				CLANG_WARN_INT_CONVERSION = YES;
				CLANG_WARN_NON_LITERAL_NULL_CONVERSION = YES;
				CLANG_WARN_OBJC_IMPLICIT_RETAIN_SELF = YES;
				CLANG_WARN_OBJC_LITERAL_CONVERSION = YES;
				CLANG_WARN_OBJC_ROOT_CLASS = YES_ERROR;
				CLANG_WARN_QUOTED_INCLUDE_IN_FRAMEWORK_HEADER = YES;
				CLANG_WARN_RANGE_LOOP_ANALYSIS = YES;
				CLANG_WARN_STRICT_PROTOTYPES = YES;
				CLANG_WARN_SUSPICIOUS_MOVE = YES;
				CLANG_WARN_UNGUARDED_AVAILABILITY = YES_AGGRESSIVE;
				CLANG_WARN_UNREACHABLE_CODE = YES;
				CLANG_WARN__DUPLICATE_METHOD_MATCH = YES;
				COPY_PHASE_STRIP = NO;
				DEBUG_INFORMATION_FORMAT = dwarf;
				ENABLE_STRICT_OBJC_MSGSEND = YES;
				ENABLE_TESTABILITY = YES;
				GCC_C_LANGUAGE_STANDARD = gnu11;
				GCC_DYNAMIC_NO_PIC = NO;
				GCC_NO_COMMON_BLOCKS = YES;
				GCC_OPTIMIZATION_LEVEL = 0;
				GCC_PREPROCESSOR_DEFINITIONS = (
					"DEBUG=1",
					"$(inherited)",
				);
				GCC_WARN_64_TO_32_BIT_CONVERSION = YES;
				GCC_WARN_ABOUT_RETURN_TYPE = YES_ERROR;
				GCC_WARN_UNDECLARED_SELECTOR = YES;
				GCC_WARN_UNINITIALIZED_AUTOS = YES_AGGRESSIVE;
				GCC_WARN_UNUSED_FUNCTION = YES;
				GCC_WARN_UNUSED_VARIABLE = YES;
				IPHONEOS_DEPLOYMENT_TARGET = 14.5;
				MTL_ENABLE_DEBUG_INFO = INCLUDE_SOURCE;
				MTL_FAST_MATH = YES;
				ONLY_ACTIVE_ARCH = YES;
				SDKROOT = iphoneos;
				SWIFT_ACTIVE_COMPILATION_CONDITIONS = DEBUG;
				SWIFT_OPTIMIZATION_LEVEL = "-Onone";
			};
			name = Debug;
		};
		76A5136326D3EE9C0086CE18 /* Release */ = {
			isa = XCBuildConfiguration;
			buildSettings = {
				ALWAYS_SEARCH_USER_PATHS = NO;
				CLANG_ANALYZER_NONNULL = YES;
				CLANG_ANALYZER_NUMBER_OBJECT_CONVERSION = YES_AGGRESSIVE;
				CLANG_CXX_LANGUAGE_STANDARD = "gnu++14";
				CLANG_CXX_LIBRARY = "libc++";
				CLANG_ENABLE_MODULES = YES;
				CLANG_ENABLE_OBJC_ARC = YES;
				CLANG_ENABLE_OBJC_WEAK = YES;
				CLANG_WARN_BLOCK_CAPTURE_AUTORELEASING = YES;
				CLANG_WARN_BOOL_CONVERSION = YES;
				CLANG_WARN_COMMA = YES;
				CLANG_WARN_CONSTANT_CONVERSION = YES;
				CLANG_WARN_DEPRECATED_OBJC_IMPLEMENTATIONS = YES;
				CLANG_WARN_DIRECT_OBJC_ISA_USAGE = YES_ERROR;
				CLANG_WARN_DOCUMENTATION_COMMENTS = YES;
				CLANG_WARN_EMPTY_BODY = YES;
				CLANG_WARN_ENUM_CONVERSION = YES;
				CLANG_WARN_INFINITE_RECURSION = YES;
				CLANG_WARN_INT_CONVERSION = YES;
				CLANG_WARN_NON_LITERAL_NULL_CONVERSION = YES;
				CLANG_WARN_OBJC_IMPLICIT_RETAIN_SELF = YES;
				CLANG_WARN_OBJC_LITERAL_CONVERSION = YES;
				CLANG_WARN_OBJC_ROOT_CLASS = YES_ERROR;
				CLANG_WARN_QUOTED_INCLUDE_IN_FRAMEWORK_HEADER = YES;
				CLANG_WARN_RANGE_LOOP_ANALYSIS = YES;
				CLANG_WARN_STRICT_PROTOTYPES = YES;
				CLANG_WARN_SUSPICIOUS_MOVE = YES;
				CLANG_WARN_UNGUARDED_AVAILABILITY = YES_AGGRESSIVE;
				CLANG_WARN_UNREACHABLE_CODE = YES;
				CLANG_WARN__DUPLICATE_METHOD_MATCH = YES;
				COPY_PHASE_STRIP = NO;
				DEBUG_INFORMATION_FORMAT = "dwarf-with-dsym";
				ENABLE_NS_ASSERTIONS = NO;
				ENABLE_STRICT_OBJC_MSGSEND = YES;
				GCC_C_LANGUAGE_STANDARD = gnu11;
				GCC_NO_COMMON_BLOCKS = YES;
				GCC_WARN_64_TO_32_BIT_CONVERSION = YES;
				GCC_WARN_ABOUT_RETURN_TYPE = YES_ERROR;
				GCC_WARN_UNDECLARED_SELECTOR = YES;
				GCC_WARN_UNINITIALIZED_AUTOS = YES_AGGRESSIVE;
				GCC_WARN_UNUSED_FUNCTION = YES;
				GCC_WARN_UNUSED_VARIABLE = YES;
				IPHONEOS_DEPLOYMENT_TARGET = 14.5;
				MTL_ENABLE_DEBUG_INFO = NO;
				MTL_FAST_MATH = YES;
				SDKROOT = iphoneos;
				SWIFT_COMPILATION_MODE = wholemodule;
				SWIFT_OPTIMIZATION_LEVEL = "-O";
				VALIDATE_PRODUCT = YES;
			};
			name = Release;
		};
		76A5136526D3EE9C0086CE18 /* Debug */ = {
			isa = XCBuildConfiguration;
			buildSettings = {
				ASSETCATALOG_COMPILER_APPICON_NAME = AppIcon;
				ASSETCATALOG_COMPILER_GLOBAL_ACCENT_COLOR_NAME = AccentColor;
				CODE_SIGN_STYLE = Automatic;
				DEVELOPMENT_TEAM = Y4TX5PVNK4;
				INFOPLIST_FILE = bookstand/SupportingFiles/Info.plist;
				LD_RUNPATH_SEARCH_PATHS = (
					"$(inherited)",
					"@executable_path/Frameworks",
				);
				PRODUCT_BUNDLE_IDENTIFIER = grohong.bookstand;
				PRODUCT_NAME = "$(TARGET_NAME)";
				SWIFT_VERSION = 5.0;
				TARGETED_DEVICE_FAMILY = 1;
			};
			name = Debug;
		};
		76A5136626D3EE9C0086CE18 /* Release */ = {
			isa = XCBuildConfiguration;
			buildSettings = {
				ASSETCATALOG_COMPILER_APPICON_NAME = AppIcon;
				ASSETCATALOG_COMPILER_GLOBAL_ACCENT_COLOR_NAME = AccentColor;
				CODE_SIGN_STYLE = Automatic;
				DEVELOPMENT_TEAM = Y4TX5PVNK4;
				INFOPLIST_FILE = bookstand/SupportingFiles/Info.plist;
				LD_RUNPATH_SEARCH_PATHS = (
					"$(inherited)",
					"@executable_path/Frameworks",
				);
				PRODUCT_BUNDLE_IDENTIFIER = grohong.bookstand;
				PRODUCT_NAME = "$(TARGET_NAME)";
				SWIFT_VERSION = 5.0;
				TARGETED_DEVICE_FAMILY = 1;
			};
			name = Release;
		};
/* End XCBuildConfiguration section */

/* Begin XCConfigurationList section */
		76A5134B26D3EE9B0086CE18 /* Build configuration list for PBXProject "bookstand" */ = {
			isa = XCConfigurationList;
			buildConfigurations = (
				76A5136226D3EE9C0086CE18 /* Debug */,
				76A5136326D3EE9C0086CE18 /* Release */,
			);
			defaultConfigurationIsVisible = 0;
			defaultConfigurationName = Release;
		};
		76A5136426D3EE9C0086CE18 /* Build configuration list for PBXNativeTarget "bookstand" */ = {
			isa = XCConfigurationList;
			buildConfigurations = (
				76A5136526D3EE9C0086CE18 /* Debug */,
				76A5136626D3EE9C0086CE18 /* Release */,
			);
			defaultConfigurationIsVisible = 0;
			defaultConfigurationName = Release;
		};
/* End XCConfigurationList section */
	};
	rootObject = 76A5134826D3EE9B0086CE18 /* Project object */;
}
